// !$*UTF8*$!
{
	archiveVersion = 1;
	classes = {
	};
	objectVersion = 77;
	objects = {

/* Begin PBXBuildFile section */
		613FED6D2F2901E400AE78D8 /* ClipboardKeyboard.appex in Embed Foundation Extensions */ = {isa = PBXBuildFile; fileRef = 613FED662F2901E400AE78D8 /* ClipboardKeyboard.appex */; settings = {ATTRIBUTES = (RemoveHeadersOnCopy, ); }; };
		61BB48C62DCA33D800EFE195 /* ComposableArchitecture in Frameworks */ = {isa = PBXBuildFile; productRef = 61BB48C52DCA33D800EFE195 /* ComposableArchitecture */; };
/* End PBXBuildFile section */

/* Begin PBXContainerItemProxy section */
		613FED6B2F2901E400AE78D8 /* PBXContainerItemProxy */ = {
			isa = PBXContainerItemProxy;
			containerPortal = 61B4C3812DC4A60F00E59DE3 /* Project object */;
			proxyType = 1;
			remoteGlobalIDString = 613FED652F2901E400AE78D8;
			remoteInfo = ClipboardKeyboard;
		};
		61B4C3972DC4A61100E59DE3 /* PBXContainerItemProxy */ = {
			isa = PBXContainerItemProxy;
			containerPortal = 61B4C3812DC4A60F00E59DE3 /* Project object */;
			proxyType = 1;
			remoteGlobalIDString = 61B4C3882DC4A60F00E59DE3;
			remoteInfo = copyPaste;
		};
		61B4C3A12DC4A61100E59DE3 /* PBXContainerItemProxy */ = {
			isa = PBXContainerItemProxy;
			containerPortal = 61B4C3812DC4A60F00E59DE3 /* Project object */;
			proxyType = 1;
			remoteGlobalIDString = 61B4C3882DC4A60F00E59DE3;
			remoteInfo = copyPaste;
		};
/* End PBXContainerItemProxy section */

/* Begin PBXCopyFilesBuildPhase section */
		613FED6E2F2901E400AE78D8 /* Embed Foundation Extensions */ = {
			isa = PBXCopyFilesBuildPhase;
			buildActionMask = 2147483647;
			dstPath = "";
			dstSubfolderSpec = 13;
			files = (
				613FED6D2F2901E400AE78D8 /* ClipboardKeyboard.appex in Embed Foundation Extensions */,
			);
			name = "Embed Foundation Extensions";
			runOnlyForDeploymentPostprocessing = 0;
		};
/* End PBXCopyFilesBuildPhase section */

/* Begin PBXFileReference section */
		613FED662F2901E400AE78D8 /* ClipboardKeyboard.appex */ = {isa = PBXFileReference; explicitFileType = "wrapper.app-extension"; includeInIndex = 0; path = ClipboardKeyboard.appex; sourceTree = BUILT_PRODUCTS_DIR; };
		61B4C3892DC4A60F00E59DE3 /* copyPaste.app */ = {isa = PBXFileReference; explicitFileType = wrapper.application; includeInIndex = 0; path = copyPaste.app; sourceTree = BUILT_PRODUCTS_DIR; };
		61B4C3962DC4A61100E59DE3 /* copyPasteTests.xctest */ = {isa = PBXFileReference; explicitFileType = wrapper.cfbundle; includeInIndex = 0; path = copyPasteTests.xctest; sourceTree = BUILT_PRODUCTS_DIR; };
		61B4C3A02DC4A61100E59DE3 /* copyPasteUITests.xctest */ = {isa = PBXFileReference; explicitFileType = wrapper.cfbundle; includeInIndex = 0; path = copyPasteUITests.xctest; sourceTree = BUILT_PRODUCTS_DIR; };
/* End PBXFileReference section */

/* Begin PBXFileSystemSynchronizedBuildFileExceptionSet section */
		613FED722F2901E400AE78D8 /* Exceptions for "ClipboardKeyboard" folder in "ClipboardKeyboard" target */ = {
			isa = PBXFileSystemSynchronizedBuildFileExceptionSet;
			membershipExceptions = (
				Info.plist,
			);
			target = 613FED652F2901E400AE78D8 /* ClipboardKeyboard */;
		};
		61AE521A2F38DB6A0052F115 /* Exceptions for "copyPaste" folder in "ClipboardKeyboard" target */ = {
			isa = PBXFileSystemSynchronizedBuildFileExceptionSet;
			membershipExceptions = (
				Features/ClipboardHistory/ClipboardItem.swift,
				Features/ClipboardHistory/ClipboardStorageManager.swift,
				Features/ClipboardHistory/SharedConstants.swift,
			);
			target = 613FED652F2901E400AE78D8 /* ClipboardKeyboard */;
		};
		61BB48CE2DCA3ED700EFE195 /* Exceptions for "copyPaste" folder in "copyPaste" target */ = {
			isa = PBXFileSystemSynchronizedBuildFileExceptionSet;
			membershipExceptions = (
				Info.plist,
			);
			target = 61B4C3882DC4A60F00E59DE3 /* copyPaste */;
		};
/* End PBXFileSystemSynchronizedBuildFileExceptionSet section */

/* Begin PBXFileSystemSynchronizedRootGroup section */
		613FED672F2901E400AE78D8 /* ClipboardKeyboard */ = {
			isa = PBXFileSystemSynchronizedRootGroup;
			exceptions = (
				613FED722F2901E400AE78D8 /* Exceptions for "ClipboardKeyboard" folder in "ClipboardKeyboard" target */,
			);
			path = ClipboardKeyboard;
			sourceTree = "<group>";
		};
		61B4C38B2DC4A60F00E59DE3 /* copyPaste */ = {
			isa = PBXFileSystemSynchronizedRootGroup;
			exceptions = (
				61BB48CE2DCA3ED700EFE195 /* Exceptions for "copyPaste" folder in "copyPaste" target */,
				61AE521A2F38DB6A0052F115 /* Exceptions for "copyPaste" folder in "ClipboardKeyboard" target */,
			);
			path = copyPaste;
			sourceTree = "<group>";
		};
		61B4C3992DC4A61100E59DE3 /* copyPasteTests */ = {
			isa = PBXFileSystemSynchronizedRootGroup;
			path = copyPasteTests;
			sourceTree = "<group>";
		};
		61B4C3A32DC4A61100E59DE3 /* copyPasteUITests */ = {
			isa = PBXFileSystemSynchronizedRootGroup;
			path = copyPasteUITests;
			sourceTree = "<group>";
		};
/* End PBXFileSystemSynchronizedRootGroup section */

/* Begin PBXFrameworksBuildPhase section */
		613FED632F2901E400AE78D8 /* Frameworks */ = {
			isa = PBXFrameworksBuildPhase;
			buildActionMask = 2147483647;
			files = (
			);
			runOnlyForDeploymentPostprocessing = 0;
		};
		61B4C3862DC4A60F00E59DE3 /* Frameworks */ = {
			isa = PBXFrameworksBuildPhase;
			buildActionMask = 2147483647;
			files = (
				61BB48C62DCA33D800EFE195 /* ComposableArchitecture in Frameworks */,
			);
			runOnlyForDeploymentPostprocessing = 0;
		};
		61B4C3932DC4A61100E59DE3 /* Frameworks */ = {
			isa = PBXFrameworksBuildPhase;
			buildActionMask = 2147483647;
			files = (
			);
			runOnlyForDeploymentPostprocessing = 0;
		};
		61B4C39D2DC4A61100E59DE3 /* Frameworks */ = {
			isa = PBXFrameworksBuildPhase;
			buildActionMask = 2147483647;
			files = (
			);
			runOnlyForDeploymentPostprocessing = 0;
		};
/* End PBXFrameworksBuildPhase section */

/* Begin PBXGroup section */
		61B4C3802DC4A60F00E59DE3 = {
			isa = PBXGroup;
			children = (
				61B4C38B2DC4A60F00E59DE3 /* copyPaste */,
				61B4C3992DC4A61100E59DE3 /* copyPasteTests */,
				61B4C3A32DC4A61100E59DE3 /* copyPasteUITests */,
				613FED672F2901E400AE78D8 /* ClipboardKeyboard */,
				61B4C38A2DC4A60F00E59DE3 /* Products */,
			);
			sourceTree = "<group>";
		};
		61B4C38A2DC4A60F00E59DE3 /* Products */ = {
			isa = PBXGroup;
			children = (
				61B4C3892DC4A60F00E59DE3 /* copyPaste.app */,
				61B4C3962DC4A61100E59DE3 /* copyPasteTests.xctest */,
				61B4C3A02DC4A61100E59DE3 /* copyPasteUITests.xctest */,
				613FED662F2901E400AE78D8 /* ClipboardKeyboard.appex */,
			);
			name = Products;
			sourceTree = "<group>";
		};
/* End PBXGroup section */

/* Begin PBXNativeTarget section */
		613FED652F2901E400AE78D8 /* ClipboardKeyboard */ = {
			isa = PBXNativeTarget;
			buildConfigurationList = 613FED712F2901E400AE78D8 /* Build configuration list for PBXNativeTarget "ClipboardKeyboard" */;
			buildPhases = (
				613FED622F2901E400AE78D8 /* Sources */,
				613FED632F2901E400AE78D8 /* Frameworks */,
				613FED642F2901E400AE78D8 /* Resources */,
			);
			buildRules = (
			);
			dependencies = (
			);
			fileSystemSynchronizedGroups = (
				613FED672F2901E400AE78D8 /* ClipboardKeyboard */,
			);
			name = ClipboardKeyboard;
			packageProductDependencies = (
			);
			productName = ClipboardKeyboard;
			productReference = 613FED662F2901E400AE78D8 /* ClipboardKeyboard.appex */;
			productType = "com.apple.product-type.app-extension";
		};
		61B4C3882DC4A60F00E59DE3 /* copyPaste */ = {
			isa = PBXNativeTarget;
			buildConfigurationList = 61B4C3AA2DC4A61100E59DE3 /* Build configuration list for PBXNativeTarget "copyPaste" */;
			buildPhases = (
				61B4C3852DC4A60F00E59DE3 /* Sources */,
				61B4C3862DC4A60F00E59DE3 /* Frameworks */,
				61B4C3872DC4A60F00E59DE3 /* Resources */,
				613FED6E2F2901E400AE78D8 /* Embed Foundation Extensions */,
			);
			buildRules = (
			);
			dependencies = (
				613FED6C2F2901E400AE78D8 /* PBXTargetDependency */,
			);
			fileSystemSynchronizedGroups = (
				61B4C38B2DC4A60F00E59DE3 /* copyPaste */,
			);
			name = copyPaste;
			packageProductDependencies = (
				61BB48C52DCA33D800EFE195 /* ComposableArchitecture */,
			);
			productName = copyPaste;
			productReference = 61B4C3892DC4A60F00E59DE3 /* copyPaste.app */;
			productType = "com.apple.product-type.application";
		};
		61B4C3952DC4A61100E59DE3 /* copyPasteTests */ = {
			isa = PBXNativeTarget;
			buildConfigurationList = 61B4C3AD2DC4A61100E59DE3 /* Build configuration list for PBXNativeTarget "copyPasteTests" */;
			buildPhases = (
				61B4C3922DC4A61100E59DE3 /* Sources */,
				61B4C3932DC4A61100E59DE3 /* Frameworks */,
				61B4C3942DC4A61100E59DE3 /* Resources */,
			);
			buildRules = (
			);
			dependencies = (
				61B4C3982DC4A61100E59DE3 /* PBXTargetDependency */,
			);
			fileSystemSynchronizedGroups = (
				61B4C3992DC4A61100E59DE3 /* copyPasteTests */,
			);
			name = copyPasteTests;
			packageProductDependencies = (
			);
			productName = copyPasteTests;
			productReference = 61B4C3962DC4A61100E59DE3 /* copyPasteTests.xctest */;
			productType = "com.apple.product-type.bundle.unit-test";
		};
		61B4C39F2DC4A61100E59DE3 /* copyPasteUITests */ = {
			isa = PBXNativeTarget;
			buildConfigurationList = 61B4C3B02DC4A61100E59DE3 /* Build configuration list for PBXNativeTarget "copyPasteUITests" */;
			buildPhases = (
				61B4C39C2DC4A61100E59DE3 /* Sources */,
				61B4C39D2DC4A61100E59DE3 /* Frameworks */,
				61B4C39E2DC4A61100E59DE3 /* Resources */,
			);
			buildRules = (
			);
			dependencies = (
				61B4C3A22DC4A61100E59DE3 /* PBXTargetDependency */,
			);
			fileSystemSynchronizedGroups = (
				61B4C3A32DC4A61100E59DE3 /* copyPasteUITests */,
			);
			name = copyPasteUITests;
			packageProductDependencies = (
			);
			productName = copyPasteUITests;
			productReference = 61B4C3A02DC4A61100E59DE3 /* copyPasteUITests.xctest */;
			productType = "com.apple.product-type.bundle.ui-testing";
		};
/* End PBXNativeTarget section */

/* Begin PBXProject section */
		61B4C3812DC4A60F00E59DE3 /* Project object */ = {
			isa = PBXProject;
			attributes = {
				BuildIndependentTargetsInParallel = 1;
				LastSwiftUpdateCheck = 2610;
				LastUpgradeCheck = 1630;
				TargetAttributes = {
					613FED652F2901E400AE78D8 = {
						CreatedOnToolsVersion = 26.1;
					};
					61B4C3882DC4A60F00E59DE3 = {
						CreatedOnToolsVersion = 16.3;
					};
					61B4C3952DC4A61100E59DE3 = {
						CreatedOnToolsVersion = 16.3;
						TestTargetID = 61B4C3882DC4A60F00E59DE3;
					};
					61B4C39F2DC4A61100E59DE3 = {
						CreatedOnToolsVersion = 16.3;
						TestTargetID = 61B4C3882DC4A60F00E59DE3;
					};
				};
			};
			buildConfigurationList = 61B4C3842DC4A60F00E59DE3 /* Build configuration list for PBXProject "copyPaste" */;
			developmentRegion = en;
			hasScannedForEncodings = 0;
			knownRegions = (
				en,
				Base,
			);
			mainGroup = 61B4C3802DC4A60F00E59DE3;
			minimizedProjectReferenceProxies = 1;
			packageReferences = (
				61BB48C42DCA33D800EFE195 /* XCRemoteSwiftPackageReference "swift-composable-architecture" */,
			);
			preferredProjectObjectVersion = 77;
			productRefGroup = 61B4C38A2DC4A60F00E59DE3 /* Products */;
			projectDirPath = "";
			projectRoot = "";
			targets = (
				61B4C3882DC4A60F00E59DE3 /* copyPaste */,
				61B4C3952DC4A61100E59DE3 /* copyPasteTests */,
				61B4C39F2DC4A61100E59DE3 /* copyPasteUITests */,
				613FED652F2901E400AE78D8 /* ClipboardKeyboard */,
			);
		};
/* End PBXProject section */

/* Begin PBXResourcesBuildPhase section */
		613FED642F2901E400AE78D8 /* Resources */ = {
			isa = PBXResourcesBuildPhase;
			buildActionMask = 2147483647;
			files = (
			);
			runOnlyForDeploymentPostprocessing = 0;
		};
		61B4C3872DC4A60F00E59DE3 /* Resources */ = {
			isa = PBXResourcesBuildPhase;
			buildActionMask = 2147483647;
			files = (
			);
			runOnlyForDeploymentPostprocessing = 0;
		};
		61B4C3942DC4A61100E59DE3 /* Resources */ = {
			isa = PBXResourcesBuildPhase;
			buildActionMask = 2147483647;
			files = (
			);
			runOnlyForDeploymentPostprocessing = 0;
		};
		61B4C39E2DC4A61100E59DE3 /* Resources */ = {
			isa = PBXResourcesBuildPhase;
			buildActionMask = 2147483647;
			files = (
			);
			runOnlyForDeploymentPostprocessing = 0;
		};
/* End PBXResourcesBuildPhase section */

/* Begin PBXSourcesBuildPhase section */
		613FED622F2901E400AE78D8 /* Sources */ = {
			isa = PBXSourcesBuildPhase;
			buildActionMask = 2147483647;
			files = (
			);
			runOnlyForDeploymentPostprocessing = 0;
		};
		61B4C3852DC4A60F00E59DE3 /* Sources */ = {
			isa = PBXSourcesBuildPhase;
			buildActionMask = 2147483647;
			files = (
			);
			runOnlyForDeploymentPostprocessing = 0;
		};
		61B4C3922DC4A61100E59DE3 /* Sources */ = {
			isa = PBXSourcesBuildPhase;
			buildActionMask = 2147483647;
			files = (
			);
			runOnlyForDeploymentPostprocessing = 0;
		};
		61B4C39C2DC4A61100E59DE3 /* Sources */ = {
			isa = PBXSourcesBuildPhase;
			buildActionMask = 2147483647;
			files = (
			);
			runOnlyForDeploymentPostprocessing = 0;
		};
/* End PBXSourcesBuildPhase section */

/* Begin PBXTargetDependency section */
		613FED6C2F2901E400AE78D8 /* PBXTargetDependency */ = {
			isa = PBXTargetDependency;
			target = 613FED652F2901E400AE78D8 /* ClipboardKeyboard */;
			targetProxy = 613FED6B2F2901E400AE78D8 /* PBXContainerItemProxy */;
		};
		61B4C3982DC4A61100E59DE3 /* PBXTargetDependency */ = {
			isa = PBXTargetDependency;
			target = 61B4C3882DC4A60F00E59DE3 /* copyPaste */;
			targetProxy = 61B4C3972DC4A61100E59DE3 /* PBXContainerItemProxy */;
		};
		61B4C3A22DC4A61100E59DE3 /* PBXTargetDependency */ = {
			isa = PBXTargetDependency;
			target = 61B4C3882DC4A60F00E59DE3 /* copyPaste */;
			targetProxy = 61B4C3A12DC4A61100E59DE3 /* PBXContainerItemProxy */;
		};
/* End PBXTargetDependency section */

/* Begin XCBuildConfiguration section */
		613FED6F2F2901E400AE78D8 /* Debug */ = {
			isa = XCBuildConfiguration;
			buildSettings = {
				CODE_SIGN_ENTITLEMENTS = ClipboardKeyboard/ClipboardKeyboard.entitlements;
				CODE_SIGN_STYLE = Automatic;
				CURRENT_PROJECT_VERSION = 1;
				DEVELOPMENT_TEAM = 4YZQY4C47E;
				GENERATE_INFOPLIST_FILE = YES;
				INFOPLIST_FILE = ClipboardKeyboard/Info.plist;
				INFOPLIST_KEY_CFBundleDisplayName = ClipboardKeyboard;
				INFOPLIST_KEY_NSHumanReadableCopyright = "";
				IPHONEOS_DEPLOYMENT_TARGET = 18.0;
				LD_RUNPATH_SEARCH_PATHS = (
					"$(inherited)",
					"@executable_path/Frameworks",
					"@executable_path/../../Frameworks",
				);
				MARKETING_VERSION = 1.0;
				PRODUCT_BUNDLE_IDENTIFIER = com.entaku.copyPaste.ClipboardKeyboard;
				PRODUCT_NAME = "$(TARGET_NAME)";
				SKIP_INSTALL = YES;
				STRING_CATALOG_GENERATE_SYMBOLS = YES;
				SWIFT_APPROACHABLE_CONCURRENCY = YES;
				SWIFT_EMIT_LOC_STRINGS = YES;
				SWIFT_UPCOMING_FEATURE_MEMBER_IMPORT_VISIBILITY = YES;
				SWIFT_VERSION = 5.0;
				TARGETED_DEVICE_FAMILY = "1,2";
			};
			name = Debug;
		};
		613FED702F2901E400AE78D8 /* Release */ = {
			isa = XCBuildConfiguration;
			buildSettings = {
				CODE_SIGN_ENTITLEMENTS = ClipboardKeyboard/ClipboardKeyboard.entitlements;
				CODE_SIGN_STYLE = Automatic;
				CURRENT_PROJECT_VERSION = 1;
				DEVELOPMENT_TEAM = 4YZQY4C47E;
				GENERATE_INFOPLIST_FILE = YES;
				INFOPLIST_FILE = ClipboardKeyboard/Info.plist;
				INFOPLIST_KEY_CFBundleDisplayName = ClipboardKeyboard;
				INFOPLIST_KEY_NSHumanReadableCopyright = "";
				IPHONEOS_DEPLOYMENT_TARGET = 18.0;
				LD_RUNPATH_SEARCH_PATHS = (
					"$(inherited)",
					"@executable_path/Frameworks",
					"@executable_path/../../Frameworks",
				);
				MARKETING_VERSION = 1.0;
				PRODUCT_BUNDLE_IDENTIFIER = com.entaku.copyPaste.ClipboardKeyboard;
				PRODUCT_NAME = "$(TARGET_NAME)";
				SKIP_INSTALL = YES;
				STRING_CATALOG_GENERATE_SYMBOLS = YES;
				SWIFT_APPROACHABLE_CONCURRENCY = YES;
				SWIFT_EMIT_LOC_STRINGS = YES;
				SWIFT_UPCOMING_FEATURE_MEMBER_IMPORT_VISIBILITY = YES;
				SWIFT_VERSION = 5.0;
				TARGETED_DEVICE_FAMILY = "1,2";
			};
			name = Release;
		};
		61B4C3A82DC4A61100E59DE3 /* Debug */ = {
			isa = XCBuildConfiguration;
			buildSettings = {
				ALWAYS_SEARCH_USER_PATHS = NO;
				ASSETCATALOG_COMPILER_GENERATE_SWIFT_ASSET_SYMBOL_EXTENSIONS = YES;
				CLANG_ANALYZER_NONNULL = YES;
				CLANG_ANALYZER_NUMBER_OBJECT_CONVERSION = YES_AGGRESSIVE;
				CLANG_CXX_LANGUAGE_STANDARD = "gnu++20";
				CLANG_ENABLE_MODULES = YES;
				CLANG_ENABLE_OBJC_ARC = YES;
				CLANG_ENABLE_OBJC_WEAK = YES;
				CLANG_WARN_BLOCK_CAPTURE_AUTORELEASING = YES;
				CLANG_WARN_BOOL_CONVERSION = YES;
				CLANG_WARN_COMMA = YES;
				CLANG_WARN_CONSTANT_CONVERSION = YES;
				CLANG_WARN_DEPRECATED_OBJC_IMPLEMENTATIONS = YES;
				CLANG_WARN_DIRECT_OBJC_ISA_USAGE = YES_ERROR;
				CLANG_WARN_DOCUMENTATION_COMMENTS = YES;
				CLANG_WARN_EMPTY_BODY = YES;
				CLANG_WARN_ENUM_CONVERSION = YES;
				CLANG_WARN_INFINITE_RECURSION = YES;
				CLANG_WARN_INT_CONVERSION = YES;
				CLANG_WARN_NON_LITERAL_NULL_CONVERSION = YES;
				CLANG_WARN_OBJC_IMPLICIT_RETAIN_SELF = YES;
				CLANG_WARN_OBJC_LITERAL_CONVERSION = YES;
				CLANG_WARN_OBJC_ROOT_CLASS = YES_ERROR;
				CLANG_WARN_QUOTED_INCLUDE_IN_FRAMEWORK_HEADER = YES;
				CLANG_WARN_RANGE_LOOP_ANALYSIS = YES;
				CLANG_WARN_STRICT_PROTOTYPES = YES;
				CLANG_WARN_SUSPICIOUS_MOVE = YES;
				CLANG_WARN_UNGUARDED_AVAILABILITY = YES_AGGRESSIVE;
				CLANG_WARN_UNREACHABLE_CODE = YES;
				CLANG_WARN__DUPLICATE_METHOD_MATCH = YES;
				COPY_PHASE_STRIP = NO;
				DEBUG_INFORMATION_FORMAT = dwarf;
				DEVELOPMENT_TEAM = 4YZQY4C47E;
				ENABLE_STRICT_OBJC_MSGSEND = YES;
				ENABLE_TESTABILITY = YES;
				ENABLE_USER_SCRIPT_SANDBOXING = YES;
				GCC_C_LANGUAGE_STANDARD = gnu17;
				GCC_DYNAMIC_NO_PIC = NO;
				GCC_NO_COMMON_BLOCKS = YES;
				GCC_OPTIMIZATION_LEVEL = 0;
				GCC_PREPROCESSOR_DEFINITIONS = (
					"DEBUG=1",
					"$(inherited)",
				);
				GCC_WARN_64_TO_32_BIT_CONVERSION = YES;
				GCC_WARN_ABOUT_RETURN_TYPE = YES_ERROR;
				GCC_WARN_UNDECLARED_SELECTOR = YES;
				GCC_WARN_UNINITIALIZED_AUTOS = YES_AGGRESSIVE;
				GCC_WARN_UNUSED_FUNCTION = YES;
				GCC_WARN_UNUSED_VARIABLE = YES;
				IPHONEOS_DEPLOYMENT_TARGET = 18.4;
				LOCALIZATION_PREFERS_STRING_CATALOGS = YES;
				MTL_ENABLE_DEBUG_INFO = INCLUDE_SOURCE;
				MTL_FAST_MATH = YES;
				ONLY_ACTIVE_ARCH = YES;
				SDKROOT = iphoneos;
				SWIFT_ACTIVE_COMPILATION_CONDITIONS = "DEBUG $(inherited)";
				SWIFT_OPTIMIZATION_LEVEL = "-Onone";
			};
			name = Debug;
		};
		61B4C3A92DC4A61100E59DE3 /* Release */ = {
			isa = XCBuildConfiguration;
			buildSettings = {
				ALWAYS_SEARCH_USER_PATHS = NO;
				ASSETCATALOG_COMPILER_GENERATE_SWIFT_ASSET_SYMBOL_EXTENSIONS = YES;
				CLANG_ANALYZER_NONNULL = YES;
				CLANG_ANALYZER_NUMBER_OBJECT_CONVERSION = YES_AGGRESSIVE;
				CLANG_CXX_LANGUAGE_STANDARD = "gnu++20";
				CLANG_ENABLE_MODULES = YES;
				CLANG_ENABLE_OBJC_ARC = YES;
				CLANG_ENABLE_OBJC_WEAK = YES;
				CLANG_WARN_BLOCK_CAPTURE_AUTORELEASING = YES;
				CLANG_WARN_BOOL_CONVERSION = YES;
				CLANG_WARN_COMMA = YES;
				CLANG_WARN_CONSTANT_CONVERSION = YES;
				CLANG_WARN_DEPRECATED_OBJC_IMPLEMENTATIONS = YES;
				CLANG_WARN_DIRECT_OBJC_ISA_USAGE = YES_ERROR;
				CLANG_WARN_DOCUMENTATION_COMMENTS = YES;
				CLANG_WARN_EMPTY_BODY = YES;
				CLANG_WARN_ENUM_CONVERSION = YES;
				CLANG_WARN_INFINITE_RECURSION = YES;
				CLANG_WARN_INT_CONVERSION = YES;
				CLANG_WARN_NON_LITERAL_NULL_CONVERSION = YES;
				CLANG_WARN_OBJC_IMPLICIT_RETAIN_SELF = YES;
				CLANG_WARN_OBJC_LITERAL_CONVERSION = YES;
				CLANG_WARN_OBJC_ROOT_CLASS = YES_ERROR;
				CLANG_WARN_QUOTED_INCLUDE_IN_FRAMEWORK_HEADER = YES;
				CLANG_WARN_RANGE_LOOP_ANALYSIS = YES;
				CLANG_WARN_STRICT_PROTOTYPES = YES;
				CLANG_WARN_SUSPICIOUS_MOVE = YES;
				CLANG_WARN_UNGUARDED_AVAILABILITY = YES_AGGRESSIVE;
				CLANG_WARN_UNREACHABLE_CODE = YES;
				CLANG_WARN__DUPLICATE_METHOD_MATCH = YES;
				COPY_PHASE_STRIP = NO;
				DEBUG_INFORMATION_FORMAT = "dwarf-with-dsym";
				DEVELOPMENT_TEAM = 4YZQY4C47E;
				ENABLE_NS_ASSERTIONS = NO;
				ENABLE_STRICT_OBJC_MSGSEND = YES;
				ENABLE_USER_SCRIPT_SANDBOXING = YES;
				GCC_C_LANGUAGE_STANDARD = gnu17;
				GCC_NO_COMMON_BLOCKS = YES;
				GCC_WARN_64_TO_32_BIT_CONVERSION = YES;
				GCC_WARN_ABOUT_RETURN_TYPE = YES_ERROR;
				GCC_WARN_UNDECLARED_SELECTOR = YES;
				GCC_WARN_UNINITIALIZED_AUTOS = YES_AGGRESSIVE;
				GCC_WARN_UNUSED_FUNCTION = YES;
				GCC_WARN_UNUSED_VARIABLE = YES;
				IPHONEOS_DEPLOYMENT_TARGET = 18.4;
				LOCALIZATION_PREFERS_STRING_CATALOGS = YES;
				MTL_ENABLE_DEBUG_INFO = NO;
				MTL_FAST_MATH = YES;
				SDKROOT = iphoneos;
				SWIFT_COMPILATION_MODE = wholemodule;
				VALIDATE_PRODUCT = YES;
			};
			name = Release;
		};
		61B4C3AB2DC4A61100E59DE3 /* Debug */ = {
			isa = XCBuildConfiguration;
			buildSettings = {
				ASSETCATALOG_COMPILER_APPICON_NAME = AppIcon;
				ASSETCATALOG_COMPILER_GLOBAL_ACCENT_COLOR_NAME = AccentColor;
				CODE_SIGN_ENTITLEMENTS = copyPaste/copyPaste.entitlements;
				CODE_SIGN_STYLE = Automatic;
				CURRENT_PROJECT_VERSION = 1;
				DEVELOPMENT_TEAM = 4YZQY4C47E;
				ENABLE_PREVIEWS = YES;
				GENERATE_INFOPLIST_FILE = YES;
				INFOPLIST_FILE = copyPaste/Info.plist;
				INFOPLIST_KEY_LSApplicationCategoryType = "public.app-category.utilities";
				INFOPLIST_KEY_UIApplicationSceneManifest_Generation = YES;
				INFOPLIST_KEY_UIApplicationSupportsIndirectInputEvents = YES;
				INFOPLIST_KEY_UILaunchScreen_Generation = YES;
				INFOPLIST_KEY_UISupportedInterfaceOrientations_iPad = "UIInterfaceOrientationPortrait UIInterfaceOrientationPortraitUpsideDown UIInterfaceOrientationLandscapeLeft UIInterfaceOrientationLandscapeRight";
				INFOPLIST_KEY_UISupportedInterfaceOrientations_iPhone = "UIInterfaceOrientationPortrait UIInterfaceOrientationLandscapeLeft UIInterfaceOrientationLandscapeRight";
				IPHONEOS_DEPLOYMENT_TARGET = 18.0;
				LD_RUNPATH_SEARCH_PATHS = (
					"$(inherited)",
					"@executable_path/Frameworks",
				);
				MARKETING_VERSION = 1.0;
				PRODUCT_BUNDLE_IDENTIFIER = com.entaku.copyPaste;
				PRODUCT_NAME = "$(TARGET_NAME)";
				SWIFT_EMIT_LOC_STRINGS = YES;
				SWIFT_VERSION = 5.0;
				TARGETED_DEVICE_FAMILY = "1,2";
			};
			name = Debug;
		};
		61B4C3AC2DC4A61100E59DE3 /* Release */ = {
			isa = XCBuildConfiguration;
			buildSettings = {
				ASSETCATALOG_COMPILER_APPICON_NAME = AppIcon;
				ASSETCATALOG_COMPILER_GLOBAL_ACCENT_COLOR_NAME = AccentColor;
				CODE_SIGN_ENTITLEMENTS = copyPaste/copyPaste.entitlements;
				CODE_SIGN_STYLE = Automatic;
				CURRENT_PROJECT_VERSION = 1;
				DEVELOPMENT_TEAM = 4YZQY4C47E;
				ENABLE_PREVIEWS = YES;
				GENERATE_INFOPLIST_FILE = YES;
				INFOPLIST_FILE = copyPaste/Info.plist;
				INFOPLIST_KEY_LSApplicationCategoryType = "public.app-category.utilities";
				INFOPLIST_KEY_UIApplicationSceneManifest_Generation = YES;
				INFOPLIST_KEY_UIApplicationSupportsIndirectInputEvents = YES;
				INFOPLIST_KEY_UILaunchScreen_Generation = YES;
				INFOPLIST_KEY_UISupportedInterfaceOrientations_iPad = "UIInterfaceOrientationPortrait UIInterfaceOrientationPortraitUpsideDown UIInterfaceOrientationLandscapeLeft UIInterfaceOrientationLandscapeRight";
				INFOPLIST_KEY_UISupportedInterfaceOrientations_iPhone = "UIInterfaceOrientationPortrait UIInterfaceOrientationLandscapeLeft UIInterfaceOrientationLandscapeRight";
				IPHONEOS_DEPLOYMENT_TARGET = 18.0;
				LD_RUNPATH_SEARCH_PATHS = (
					"$(inherited)",
					"@executable_path/Frameworks",
				);
				MARKETING_VERSION = 1.0;
				PRODUCT_BUNDLE_IDENTIFIER = com.entaku.copyPaste;
				PRODUCT_NAME = "$(TARGET_NAME)";
				SWIFT_EMIT_LOC_STRINGS = YES;
				SWIFT_VERSION = 5.0;
				TARGETED_DEVICE_FAMILY = "1,2";
			};
			name = Release;
		};
		61B4C3AE2DC4A61100E59DE3 /* Debug */ = {
			isa = XCBuildConfiguration;
			buildSettings = {
				BUNDLE_LOADER = "$(TEST_HOST)";
				CODE_SIGN_STYLE = Automatic;
				CURRENT_PROJECT_VERSION = 1;
				DEVELOPMENT_TEAM = 4YZQY4C47E;
				GENERATE_INFOPLIST_FILE = YES;
				IPHONEOS_DEPLOYMENT_TARGET = 18.4;
				MARKETING_VERSION = 1.0;
				PRODUCT_BUNDLE_IDENTIFIER = com.entaku.copyPasteTests;
				PRODUCT_NAME = "$(TARGET_NAME)";
				SWIFT_EMIT_LOC_STRINGS = NO;
				SWIFT_VERSION = 5.0;
				TARGETED_DEVICE_FAMILY = "1,2";
				TEST_HOST = "$(BUILT_PRODUCTS_DIR)/copyPaste.app/$(BUNDLE_EXECUTABLE_FOLDER_PATH)/copyPaste";
			};
			name = Debug;
		};
		61B4C3AF2DC4A61100E59DE3 /* Release */ = {
			isa = XCBuildConfiguration;
			buildSettings = {
				BUNDLE_LOADER = "$(TEST_HOST)";
				CODE_SIGN_STYLE = Automatic;
				CURRENT_PROJECT_VERSION = 1;
				DEVELOPMENT_TEAM = 4YZQY4C47E;
				GENERATE_INFOPLIST_FILE = YES;
				IPHONEOS_DEPLOYMENT_TARGET = 18.4;
				MARKETING_VERSION = 1.0;
				PRODUCT_BUNDLE_IDENTIFIER = com.entaku.copyPasteTests;
				PRODUCT_NAME = "$(TARGET_NAME)";
				SWIFT_EMIT_LOC_STRINGS = NO;
				SWIFT_VERSION = 5.0;
				TARGETED_DEVICE_FAMILY = "1,2";
				TEST_HOST = "$(BUILT_PRODUCTS_DIR)/copyPaste.app/$(BUNDLE_EXECUTABLE_FOLDER_PATH)/copyPaste";
			};
			name = Release;
		};
		61B4C3B12DC4A61100E59DE3 /* Debug */ = {
			isa = XCBuildConfiguration;
			buildSettings = {
				CODE_SIGN_STYLE = Automatic;
				CURRENT_PROJECT_VERSION = 1;
				DEVELOPMENT_TEAM = 4YZQY4C47E;
				GENERATE_INFOPLIST_FILE = YES;
				MARKETING_VERSION = 1.0;
				PRODUCT_BUNDLE_IDENTIFIER = com.entaku.copyPasteUITests;
				PRODUCT_NAME = "$(TARGET_NAME)";
				SWIFT_EMIT_LOC_STRINGS = NO;
				SWIFT_VERSION = 5.0;
				TARGETED_DEVICE_FAMILY = "1,2";
				TEST_TARGET_NAME = copyPaste;
			};
			name = Debug;
		};
		61B4C3B22DC4A61100E59DE3 /* Release */ = {
			isa = XCBuildConfiguration;
			buildSettings = {
				CODE_SIGN_STYLE = Automatic;
				CURRENT_PROJECT_VERSION = 1;
				DEVELOPMENT_TEAM = 4YZQY4C47E;
				GENERATE_INFOPLIST_FILE = YES;
				MARKETING_VERSION = 1.0;
				PRODUCT_BUNDLE_IDENTIFIER = com.entaku.copyPasteUITests;
				PRODUCT_NAME = "$(TARGET_NAME)";
				SWIFT_EMIT_LOC_STRINGS = NO;
				SWIFT_VERSION = 5.0;
				TARGETED_DEVICE_FAMILY = "1,2";
				TEST_TARGET_NAME = copyPaste;
			};
			name = Release;
		};
/* End XCBuildConfiguration section */

/* Begin XCConfigurationList section */
		613FED712F2901E400AE78D8 /* Build configuration list for PBXNativeTarget "ClipboardKeyboard" */ = {
			isa = XCConfigurationList;
			buildConfigurations = (
				613FED6F2F2901E400AE78D8 /* Debug */,
				613FED702F2901E400AE78D8 /* Release */,
			);
			defaultConfigurationIsVisible = 0;
			defaultConfigurationName = Release;
		};
		61B4C3842DC4A60F00E59DE3 /* Build configuration list for PBXProject "copyPaste" */ = {
			isa = XCConfigurationList;
			buildConfigurations = (
				61B4C3A82DC4A61100E59DE3 /* Debug */,
				61B4C3A92DC4A61100E59DE3 /* Release */,
			);
			defaultConfigurationIsVisible = 0;
			defaultConfigurationName = Release;
		};
		61B4C3AA2DC4A61100E59DE3 /* Build configuration list for PBXNativeTarget "copyPaste" */ = {
			isa = XCConfigurationList;
			buildConfigurations = (
				61B4C3AB2DC4A61100E59DE3 /* Debug */,
				61B4C3AC2DC4A61100E59DE3 /* Release */,
			);
			defaultConfigurationIsVisible = 0;
			defaultConfigurationName = Release;
		};
		61B4C3AD2DC4A61100E59DE3 /* Build configuration list for PBXNativeTarget "copyPasteTests" */ = {
			isa = XCConfigurationList;
			buildConfigurations = (
				61B4C3AE2DC4A61100E59DE3 /* Debug */,
				61B4C3AF2DC4A61100E59DE3 /* Release */,
			);
			defaultConfigurationIsVisible = 0;
			defaultConfigurationName = Release;
		};
		61B4C3B02DC4A61100E59DE3 /* Build configuration list for PBXNativeTarget "copyPasteUITests" */ = {
			isa = XCConfigurationList;
			buildConfigurations = (
				61B4C3B12DC4A61100E59DE3 /* Debug */,
				61B4C3B22DC4A61100E59DE3 /* Release */,
			);
			defaultConfigurationIsVisible = 0;
			defaultConfigurationName = Release;
		};
/* End XCConfigurationList section */

/* Begin XCRemoteSwiftPackageReference section */
		61BB48C42DCA33D800EFE195 /* XCRemoteSwiftPackageReference "swift-composable-architecture" */ = {
			isa = XCRemoteSwiftPackageReference;
			repositoryURL = "https://github.com/pointfreeco/swift-composable-architecture.git";
			requirement = {
				kind = upToNextMajorVersion;
				minimumVersion = 1.21.0;
			};
		};
/* End XCRemoteSwiftPackageReference section */

/* Begin XCSwiftPackageProductDependency section */
		61BB48C52DCA33D800EFE195 /* ComposableArchitecture */ = {
			isa = XCSwiftPackageProductDependency;
			package = 61BB48C42DCA33D800EFE195 /* XCRemoteSwiftPackageReference "swift-composable-architecture" */;
			productName = ComposableArchitecture;
		};
/* End XCSwiftPackageProductDependency section */
	};
	rootObject = 61B4C3812DC4A60F00E59DE3 /* Project object */;
}
